
Microsoft Visual Studio Solution File, Format Version 12.00
# Visual Studio 2015
Project("{FAE04EC0-301F-11D3-BF4B-00C04F79EFBC}") = "Janga.CSharp", "Janga.CSharp.csproj", "{1812AB08-96AF-3FB6-D1FB-045C716316DA}"
EndProject
Global
	GlobalSection(SolutionConfigurationPlatforms) = preSolution
		Debug|Any CPU = Debug|Any CPU
		Release|Any CPU = Release|Any CPU
	EndGlobalSection
	GlobalSection(ProjectConfigurationPlatforms) = postSolution
		{1812AB08-96AF-3FB6-D1FB-045C716316DA}.Debug|Any CPU.ActiveCfg = Debug|Any CPU
		{1812AB08-96AF-3FB6-D1FB-045C716316DA}.Debug|Any CPU.Build.0 = Debug|Any CPU
		{1812AB08-96AF-3FB6-D1FB-045C716316DA}.Release|Any CPU.ActiveCfg = Release|Any CPU
		{1812AB08-96AF-3FB6-D1FB-045C716316DA}.Release|Any CPU.Build.0 = Release|Any CPU
	EndGlobalSection
	GlobalSection(SolutionProperties) = preSolution
		HideSolutionNode = FALSE
	EndGlobalSection
EndGlobal
